
Microsoft Visual Studio Solution File, Format Version 12.00
Project("{FAE04EC0-301F-11D3-BF4B-00C04F79EFBC}") = "Restaurant.RestApi", "Restaurant.RestApi\Restaurant.RestApi.csproj", "{80739E6F-60A1-4C2C-A7A9-12C2C8B49726}"
EndProject
Global
	GlobalSection(SolutionConfigurationPlatforms) = preSolution
		Debug|Any CPU = Debug|Any CPU
		Release|Any CPU = Release|Any CPU
	EndGlobalSection
	GlobalSection(ProjectConfigurationPlatforms) = postSolution
		{80739E6F-60A1-4C2C-A7A9-12C2C8B49726}.Debug|Any CPU.ActiveCfg = Debug|Any CPU
		{80739E6F-60A1-4C2C-A7A9-12C2C8B49726}.Debug|Any CPU.Build.0 = Debug|Any CPU
		{80739E6F-60A1-4C2C-A7A9-12C2C8B49726}.Release|Any CPU.ActiveCfg = Release|Any CPU
		{80739E6F-60A1-4C2C-A7A9-12C2C8B49726}.Release|Any CPU.Build.0 = Release|Any CPU
	EndGlobalSection
EndGlobal
